
Microsoft Visual Studio Solution File, Format Version 12.00
# Visual Studio Version 17
VisualStudioVersion = 17.0.31903.59
MinimumVisualStudioVersion = 10.0.40219.1
Project("{FAE04EC0-301F-11D3-BF4B-00C04F79EFBC}") = "mutation-testing", "src\mutation-testing.csproj", "{36249E4B-B099-424A-8AF8-3C41F6526356}"
EndProject
Project("{FAE04EC0-301F-11D3-BF4B-00C04F79EFBC}") = "mutation-testing.Tests", "tests\mutation-testing.Tests.csproj", "{088C4D66-FA9A-4C47-8BEB-73120027D0FF}"
EndProject
Global
	GlobalSection(SolutionConfigurationPlatforms) = preSolution
		Debug|Any CPU = Debug|Any CPU
		Release|Any CPU = Release|Any CPU
	EndGlobalSection
	GlobalSection(SolutionProperties) = preSolution
		HideSolutionNode = FALSE
	EndGlobalSection
	GlobalSection(ProjectConfigurationPlatforms) = postSolution
		{36249E4B-B099-424A-8AF8-3C41F6526356}.Debug|Any CPU.ActiveCfg = Debug|Any CPU
		{36249E4B-B099-424A-8AF8-3C41F6526356}.Debug|Any CPU.Build.0 = Debug|Any CPU
		{36249E4B-B099-424A-8AF8-3C41F6526356}.Release|Any CPU.ActiveCfg = Release|Any CPU
		{36249E4B-B099-424A-8AF8-3C41F6526356}.Release|Any CPU.Build.0 = Release|Any CPU
		{088C4D66-FA9A-4C47-8BEB-73120027D0FF}.Debug|Any CPU.ActiveCfg = Debug|Any CPU
		{088C4D66-FA9A-4C47-8BEB-73120027D0FF}.Debug|Any CPU.Build.0 = Debug|Any CPU
		{088C4D66-FA9A-4C47-8BEB-73120027D0FF}.Release|Any CPU.ActiveCfg = Release|Any CPU
		{088C4D66-FA9A-4C47-8BEB-73120027D0FF}.Release|Any CPU.Build.0 = Release|Any CPU
	EndGlobalSection
EndGlobal
